{
  "name": "jochong-exception",
  "version": "2.0.0",
  "lockfileVersion": 3,
  "requires": true,
  "author": "jochong",
  "description": "exception class for jochong",
  "license": "ISC",
  "main": "index.js",
  "packages": {
    "": {
      "name": "jochong-exception",
      "version": "2.0.0",
      "license": "ISC"
    }
  },
  "repository": {
    "type": "github",
    "url": "https://github.com/jochongs/jochong-exception"
  }
}
